
Microsoft Visual Studio Solution File, Format Version 12.00
# Visual Studio 15
VisualStudioVersion = 15.0.27102.0
MinimumVisualStudioVersion = 10.0.40219.1
Project("{FAE04EC0-301F-11D3-BF4B-00C04F79EFBC}") = "XF.MasterDetailPage.Prism.Android", "XF.MasterDetailPage.Prism\XF.MasterDetailPage.Prism.Android\XF.MasterDetailPage.Prism.Android.csproj", "{41344CA9-7E35-47E0-B8CF-978894D9AF5E}"
EndProject
Project("{FAE04EC0-301F-11D3-BF4B-00C04F79EFBC}") = "XF.MasterDetailPage.Prism.iOS", "XF.MasterDetailPage.Prism\XF.MasterDetailPage.Prism.iOS\XF.MasterDetailPage.Prism.iOS.csproj", "{A169CEDF-7E8A-470E-B3FD-2E51F78E8CF2}"
EndProject
Project("{FAE04EC0-301F-11D3-BF4B-00C04F79EFBC}") = "XF.MasterDetailPage.Prism.UWP", "XF.MasterDetailPage.Prism\XF.MasterDetailPage.Prism.UWP\XF.MasterDetailPage.Prism.UWP.csproj", "{2B2B0614-8E75-4324-A171-4790AB545498}"
EndProject
Project("{FAE04EC0-301F-11D3-BF4B-00C04F79EFBC}") = "XF.MasterDetailPage.Prism", "XF.MasterDetailPage.Prism\XF.MasterDetailPage.Prism\XF.MasterDetailPage.Prism.csproj", "{7DF0DBD4-6E1F-4425-BE93-E26C410F081A}"
EndProject
Global
	GlobalSection(SolutionConfigurationPlatforms) = preSolution
		Ad-Hoc|Any CPU = Ad-Hoc|Any CPU
		Ad-Hoc|ARM = Ad-Hoc|ARM
		Ad-Hoc|iPhone = Ad-Hoc|iPhone
		Ad-Hoc|iPhoneSimulator = Ad-Hoc|iPhoneSimulator
		Ad-Hoc|x64 = Ad-Hoc|x64
		Ad-Hoc|x86 = Ad-Hoc|x86
		AppStore|Any CPU = AppStore|Any CPU
		AppStore|ARM = AppStore|ARM
		AppStore|iPhone = AppStore|iPhone
		AppStore|iPhoneSimulator = AppStore|iPhoneSimulator
		AppStore|x64 = AppStore|x64
		AppStore|x86 = AppStore|x86
		Debug|Any CPU = Debug|Any CPU
		Debug|ARM = Debug|ARM
		Debug|iPhone = Debug|iPhone
		Debug|iPhoneSimulator = Debug|iPhoneSimulator
		Debug|x64 = Debug|x64
		Debug|x86 = Debug|x86
		Release|Any CPU = Release|Any CPU
		Release|ARM = Release|ARM
		Release|iPhone = Release|iPhone
		Release|iPhoneSimulator = Release|iPhoneSimulator
		Release|x64 = Release|x64
		Release|x86 = Release|x86
	EndGlobalSection
	GlobalSection(ProjectConfigurationPlatforms) = postSolution
		{41344CA9-7E35-47E0-B8CF-978894D9AF5E}.Ad-Hoc|Any CPU.ActiveCfg = Release|Any CPU
		{41344CA9-7E35-47E0-B8CF-978894D9AF5E}.Ad-Hoc|Any CPU.Build.0 = Release|Any CPU
		{41344CA9-7E35-47E0-B8CF-978894D9AF5E}.Ad-Hoc|Any CPU.Deploy.0 = Release|Any CPU
		{41344CA9-7E35-47E0-B8CF-978894D9AF5E}.Ad-Hoc|ARM.ActiveCfg = Release|Any CPU
		{41344CA9-7E35-47E0-B8CF-978894D9AF5E}.Ad-Hoc|ARM.Build.0 = Release|Any CPU
		{41344CA9-7E35-47E0-B8CF-978894D9AF5E}.Ad-Hoc|ARM.Deploy.0 = Release|Any CPU
		{41344CA9-7E35-47E0-B8CF-978894D9AF5E}.Ad-Hoc|iPhone.ActiveCfg = Release|Any CPU
		{41344CA9-7E35-47E0-B8CF-978894D9AF5E}.Ad-Hoc|iPhone.Build.0 = Release|Any CPU
		{41344CA9-7E35-47E0-B8CF-978894D9AF5E}.Ad-Hoc|iPhone.Deploy.0 = Release|Any CPU
		{41344CA9-7E35-47E0-B8CF-978894D9AF5E}.Ad-Hoc|iPhoneSimulator.ActiveCfg = Release|Any CPU
		{41344CA9-7E35-47E0-B8CF-978894D9AF5E}.Ad-Hoc|iPhoneSimulator.Build.0 = Release|Any CPU
		{41344CA9-7E35-47E0-B8CF-978894D9AF5E}.Ad-Hoc|iPhoneSimulator.Deploy.0 = Release|Any CPU
		{41344CA9-7E35-47E0-B8CF-978894D9AF5E}.Ad-Hoc|x64.ActiveCfg = Release|Any CPU
		{41344CA9-7E35-47E0-B8CF-978894D9AF5E}.Ad-Hoc|x64.Build.0 = Release|Any CPU
		{41344CA9-7E35-47E0-B8CF-978894D9AF5E}.Ad-Hoc|x64.Deploy.0 = Release|Any CPU
		{41344CA9-7E35-47E0-B8CF-978894D9AF5E}.Ad-Hoc|x86.ActiveCfg = Release|Any CPU
		{41344CA9-7E35-47E0-B8CF-978894D9AF5E}.Ad-Hoc|x86.Build.0 = Release|Any CPU
		{41344CA9-7E35-47E0-B8CF-978894D9AF5E}.Ad-Hoc|x86.Deploy.0 = Release|Any CPU
		{41344CA9-7E35-47E0-B8CF-978894D9AF5E}.AppStore|Any CPU.ActiveCfg = Release|Any CPU
		{41344CA9-7E35-47E0-B8CF-978894D9AF5E}.AppStore|Any CPU.Build.0 = Release|Any CPU
		{41344CA9-7E35-47E0-B8CF-978894D9AF5E}.AppStore|Any CPU.Deploy.0 = Release|Any CPU
		{41344CA9-7E35-47E0-B8CF-978894D9AF5E}.AppStore|ARM.ActiveCfg = Release|Any CPU
		{41344CA9-7E35-47E0-B8CF-978894D9AF5E}.AppStore|ARM.Build.0 = Release|Any CPU
		{41344CA9-7E35-47E0-B8CF-978894D9AF5E}.AppStore|ARM.Deploy.0 = Release|Any CPU
		{41344CA9-7E35-47E0-B8CF-978894D9AF5E}.AppStore|iPhone.ActiveCfg = Release|Any CPU
		{41344CA9-7E35-47E0-B8CF-978894D9AF5E}.AppStore|iPhone.Build.0 = Release|Any CPU
		{41344CA9-7E35-47E0-B8CF-978894D9AF5E}.AppStore|iPhone.Deploy.0 = Release|Any CPU
		{41344CA9-7E35-47E0-B8CF-978894D9AF5E}.AppStore|iPhoneSimulator.ActiveCfg = Release|Any CPU
		{41344CA9-7E35-47E0-B8CF-978894D9AF5E}.AppStore|iPhoneSimulator.Build.0 = Release|Any CPU
		{41344CA9-7E35-47E0-B8CF-978894D9AF5E}.AppStore|iPhoneSimulator.Deploy.0 = Release|Any CPU
		{41344CA9-7E35-47E0-B8CF-978894D9AF5E}.AppStore|x64.ActiveCfg = Release|Any CPU
		{41344CA9-7E35-47E0-B8CF-978894D9AF5E}.AppStore|x64.Build.0 = Release|Any CPU
		{41344CA9-7E35-47E0-B8CF-978894D9AF5E}.AppStore|x64.Deploy.0 = Release|Any CPU
		{41344CA9-7E35-47E0-B8CF-978894D9AF5E}.AppStore|x86.ActiveCfg = Release|Any CPU
		{41344CA9-7E35-47E0-B8CF-978894D9AF5E}.AppStore|x86.Build.0 = Release|Any CPU
		{41344CA9-7E35-47E0-B8CF-978894D9AF5E}.AppStore|x86.Deploy.0 = Release|Any CPU
		{41344CA9-7E35-47E0-B8CF-978894D9AF5E}.Debug|Any CPU.ActiveCfg = Debug|Any CPU
		{41344CA9-7E35-47E0-B8CF-978894D9AF5E}.Debug|Any CPU.Build.0 = Debug|Any CPU
		{41344CA9-7E35-47E0-B8CF-978894D9AF5E}.Debug|Any CPU.Deploy.0 = Debug|Any CPU
		{41344CA9-7E35-47E0-B8CF-978894D9AF5E}.Debug|ARM.ActiveCfg = Debug|Any CPU
		{41344CA9-7E35-47E0-B8CF-978894D9AF5E}.Debug|ARM.Build.0 = Debug|Any CPU
		{41344CA9-7E35-47E0-B8CF-978894D9AF5E}.Debug|ARM.Deploy.0 = Debug|Any CPU
		{41344CA9-7E35-47E0-B8CF-978894D9AF5E}.Debug|iPhone.ActiveCfg = Debug|Any CPU
		{41344CA9-7E35-47E0-B8CF-978894D9AF5E}.Debug|iPhone.Build.0 = Debug|Any CPU
		{41344CA9-7E35-47E0-B8CF-978894D9AF5E}.Debug|iPhone.Deploy.0 = Debug|Any CPU
		{41344CA9-7E35-47E0-B8CF-978894D9AF5E}.Debug|iPhoneSimulator.ActiveCfg = Debug|Any CPU
		{41344CA9-7E35-47E0-B8CF-978894D9AF5E}.Debug|iPhoneSimulator.Build.0 = Debug|Any CPU
		{41344CA9-7E35-47E0-B8CF-978894D9AF5E}.Debug|iPhoneSimulator.Deploy.0 = Debug|Any CPU
		{41344CA9-7E35-47E0-B8CF-978894D9AF5E}.Debug|x64.ActiveCfg = Debug|Any CPU
		{41344CA9-7E35-47E0-B8CF-978894D9AF5E}.Debug|x64.Build.0 = Debug|Any CPU
		{41344CA9-7E35-47E0-B8CF-978894D9AF5E}.Debug|x64.Deploy.0 = Debug|Any CPU
		{41344CA9-7E35-47E0-B8CF-978894D9AF5E}.Debug|x86.ActiveCfg = Debug|Any CPU
		{41344CA9-7E35-47E0-B8CF-978894D9AF5E}.Debug|x86.Build.0 = Debug|Any CPU
		{41344CA9-7E35-47E0-B8CF-978894D9AF5E}.Debug|x86.Deploy.0 = Debug|Any CPU
		{41344CA9-7E35-47E0-B8CF-978894D9AF5E}.Release|Any CPU.ActiveCfg = Release|Any CPU
		{41344CA9-7E35-47E0-B8CF-978894D9AF5E}.Release|Any CPU.Build.0 = Release|Any CPU
		{41344CA9-7E35-47E0-B8CF-978894D9AF5E}.Release|Any CPU.Deploy.0 = Release|Any CPU
		{41344CA9-7E35-47E0-B8CF-978894D9AF5E}.Release|ARM.ActiveCfg = Release|Any CPU
		{41344CA9-7E35-47E0-B8CF-978894D9AF5E}.Release|ARM.Build.0 = Release|Any CPU
		{41344CA9-7E35-47E0-B8CF-978894D9AF5E}.Release|ARM.Deploy.0 = Release|Any CPU
		{41344CA9-7E35-47E0-B8CF-978894D9AF5E}.Release|iPhone.ActiveCfg = Release|Any CPU
		{41344CA9-7E35-47E0-B8CF-978894D9AF5E}.Release|iPhone.Build.0 = Release|Any CPU
		{41344CA9-7E35-47E0-B8CF-978894D9AF5E}.Release|iPhone.Deploy.0 = Release|Any CPU
		{41344CA9-7E35-47E0-B8CF-978894D9AF5E}.Release|iPhoneSimulator.ActiveCfg = Release|Any CPU
		{41344CA9-7E35-47E0-B8CF-978894D9AF5E}.Release|iPhoneSimulator.Build.0 = Release|Any CPU
		{41344CA9-7E35-47E0-B8CF-978894D9AF5E}.Release|iPhoneSimulator.Deploy.0 = Release|Any CPU
		{41344CA9-7E35-47E0-B8CF-978894D9AF5E}.Release|x64.ActiveCfg = Release|Any CPU
		{41344CA9-7E35-47E0-B8CF-978894D9AF5E}.Release|x64.Build.0 = Release|Any CPU
		{41344CA9-7E35-47E0-B8CF-978894D9AF5E}.Release|x64.Deploy.0 = Release|Any CPU
		{41344CA9-7E35-47E0-B8CF-978894D9AF5E}.Release|x86.ActiveCfg = Release|Any CPU
		{41344CA9-7E35-47E0-B8CF-978894D9AF5E}.Release|x86.Build.0 = Release|Any CPU
		{41344CA9-7E35-47E0-B8CF-978894D9AF5E}.Release|x86.Deploy.0 = Release|Any CPU
		{A169CEDF-7E8A-470E-B3FD-2E51F78E8CF2}.Ad-Hoc|Any CPU.ActiveCfg = Ad-Hoc|iPhone
		{A169CEDF-7E8A-470E-B3FD-2E51F78E8CF2}.Ad-Hoc|ARM.ActiveCfg = Ad-Hoc|iPhone
		{A169CEDF-7E8A-470E-B3FD-2E51F78E8CF2}.Ad-Hoc|iPhone.ActiveCfg = Ad-Hoc|iPhone
		{A169CEDF-7E8A-470E-B3FD-2E51F78E8CF2}.Ad-Hoc|iPhone.Build.0 = Ad-Hoc|iPhone
		{A169CEDF-7E8A-470E-B3FD-2E51F78E8CF2}.Ad-Hoc|iPhoneSimulator.ActiveCfg = Ad-Hoc|iPhoneSimulator
		{A169CEDF-7E8A-470E-B3FD-2E51F78E8CF2}.Ad-Hoc|iPhoneSimulator.Build.0 = Ad-Hoc|iPhoneSimulator
		{A169CEDF-7E8A-470E-B3FD-2E51F78E8CF2}.Ad-Hoc|x64.ActiveCfg = Ad-Hoc|iPhone
		{A169CEDF-7E8A-470E-B3FD-2E51F78E8CF2}.Ad-Hoc|x86.ActiveCfg = Ad-Hoc|iPhone
		{A169CEDF-7E8A-470E-B3FD-2E51F78E8CF2}.AppStore|Any CPU.ActiveCfg = AppStore|iPhone
		{A169CEDF-7E8A-470E-B3FD-2E51F78E8CF2}.AppStore|ARM.ActiveCfg = AppStore|iPhone
		{A169CEDF-7E8A-470E-B3FD-2E51F78E8CF2}.AppStore|iPhone.ActiveCfg = AppStore|iPhone
		{A169CEDF-7E8A-470E-B3FD-2E51F78E8CF2}.AppStore|iPhone.Build.0 = AppStore|iPhone
		{A169CEDF-7E8A-470E-B3FD-2E51F78E8CF2}.AppStore|iPhoneSimulator.ActiveCfg = AppStore|iPhoneSimulator
		{A169CEDF-7E8A-470E-B3FD-2E51F78E8CF2}.AppStore|iPhoneSimulator.Build.0 = AppStore|iPhoneSimulator
		{A169CEDF-7E8A-470E-B3FD-2E51F78E8CF2}.AppStore|x64.ActiveCfg = AppStore|iPhone
		{A169CEDF-7E8A-470E-B3FD-2E51F78E8CF2}.AppStore|x86.ActiveCfg = AppStore|iPhone
		{A169CEDF-7E8A-470E-B3FD-2E51F78E8CF2}.Debug|Any CPU.ActiveCfg = Debug|iPhone
		{A169CEDF-7E8A-470E-B3FD-2E51F78E8CF2}.Debug|ARM.ActiveCfg = Debug|iPhone
		{A169CEDF-7E8A-470E-B3FD-2E51F78E8CF2}.Debug|iPhone.ActiveCfg = Debug|iPhone
		{A169CEDF-7E8A-470E-B3FD-2E51F78E8CF2}.Debug|iPhone.Build.0 = Debug|iPhone
		{A169CEDF-7E8A-470E-B3FD-2E51F78E8CF2}.Debug|iPhoneSimulator.ActiveCfg = Debug|iPhoneSimulator
		{A169CEDF-7E8A-470E-B3FD-2E51F78E8CF2}.Debug|iPhoneSimulator.Build.0 = Debug|iPhoneSimulator
		{A169CEDF-7E8A-470E-B3FD-2E51F78E8CF2}.Debug|x64.ActiveCfg = Debug|iPhone
		{A169CEDF-7E8A-470E-B3FD-2E51F78E8CF2}.Debug|x86.ActiveCfg = Debug|iPhone
		{A169CEDF-7E8A-470E-B3FD-2E51F78E8CF2}.Release|Any CPU.ActiveCfg = Release|iPhone
		{A169CEDF-7E8A-470E-B3FD-2E51F78E8CF2}.Release|ARM.ActiveCfg = Release|iPhone
		{A169CEDF-7E8A-470E-B3FD-2E51F78E8CF2}.Release|iPhone.ActiveCfg = Release|iPhone
		{A169CEDF-7E8A-470E-B3FD-2E51F78E8CF2}.Release|iPhone.Build.0 = Release|iPhone
		{A169CEDF-7E8A-470E-B3FD-2E51F78E8CF2}.Release|iPhoneSimulator.ActiveCfg = Release|iPhoneSimulator
		{A169CEDF-7E8A-470E-B3FD-2E51F78E8CF2}.Release|iPhoneSimulator.Build.0 = Release|iPhoneSimulator
		{A169CEDF-7E8A-470E-B3FD-2E51F78E8CF2}.Release|x64.ActiveCfg = Release|iPhone
		{A169CEDF-7E8A-470E-B3FD-2E51F78E8CF2}.Release|x86.ActiveCfg = Release|iPhone
		{2B2B0614-8E75-4324-A171-4790AB545498}.Ad-Hoc|Any CPU.ActiveCfg = Release|x86
		{2B2B0614-8E75-4324-A171-4790AB545498}.Ad-Hoc|Any CPU.Build.0 = Release|x86
		{2B2B0614-8E75-4324-A171-4790AB545498}.Ad-Hoc|Any CPU.Deploy.0 = Release|x86
		{2B2B0614-8E75-4324-A171-4790AB545498}.Ad-Hoc|ARM.ActiveCfg = Release|ARM
		{2B2B0614-8E75-4324-A171-4790AB545498}.Ad-Hoc|ARM.Build.0 = Release|ARM
		{2B2B0614-8E75-4324-A171-4790AB545498}.Ad-Hoc|ARM.Deploy.0 = Release|ARM
		{2B2B0614-8E75-4324-A171-4790AB545498}.Ad-Hoc|iPhone.ActiveCfg = Release|x86
		{2B2B0614-8E75-4324-A171-4790AB545498}.Ad-Hoc|iPhone.Build.0 = Release|x86
		{2B2B0614-8E75-4324-A171-4790AB545498}.Ad-Hoc|iPhone.Deploy.0 = Release|x86
		{2B2B0614-8E75-4324-A171-4790AB545498}.Ad-Hoc|iPhoneSimulator.ActiveCfg = Release|x86
		{2B2B0614-8E75-4324-A171-4790AB545498}.Ad-Hoc|iPhoneSimulator.Build.0 = Release|x86
		{2B2B0614-8E75-4324-A171-4790AB545498}.Ad-Hoc|iPhoneSimulator.Deploy.0 = Release|x86
		{2B2B0614-8E75-4324-A171-4790AB545498}.Ad-Hoc|x64.ActiveCfg = Release|x64
		{2B2B0614-8E75-4324-A171-4790AB545498}.Ad-Hoc|x64.Build.0 = Release|x64
		{2B2B0614-8E75-4324-A171-4790AB545498}.Ad-Hoc|x64.Deploy.0 = Release|x64
		{2B2B0614-8E75-4324-A171-4790AB545498}.Ad-Hoc|x86.ActiveCfg = Release|x86
		{2B2B0614-8E75-4324-A171-4790AB545498}.Ad-Hoc|x86.Build.0 = Release|x86
		{2B2B0614-8E75-4324-A171-4790AB545498}.Ad-Hoc|x86.Deploy.0 = Release|x86
		{2B2B0614-8E75-4324-A171-4790AB545498}.AppStore|Any CPU.ActiveCfg = Release|x86
		{2B2B0614-8E75-4324-A171-4790AB545498}.AppStore|Any CPU.Build.0 = Release|x86
		{2B2B0614-8E75-4324-A171-4790AB545498}.AppStore|Any CPU.Deploy.0 = Release|x86
		{2B2B0614-8E75-4324-A171-4790AB545498}.AppStore|ARM.ActiveCfg = Release|ARM
		{2B2B0614-8E75-4324-A171-4790AB545498}.AppStore|ARM.Build.0 = Release|ARM
		{2B2B0614-8E75-4324-A171-4790AB545498}.AppStore|ARM.Deploy.0 = Release|ARM
		{2B2B0614-8E75-4324-A171-4790AB545498}.AppStore|iPhone.ActiveCfg = Release|x86
		{2B2B0614-8E75-4324-A171-4790AB545498}.AppStore|iPhone.Build.0 = Release|x86
		{2B2B0614-8E75-4324-A171-4790AB545498}.AppStore|iPhone.Deploy.0 = Release|x86
		{2B2B0614-8E75-4324-A171-4790AB545498}.AppStore|iPhoneSimulator.ActiveCfg = Release|x86
		{2B2B0614-8E75-4324-A171-4790AB545498}.AppStore|iPhoneSimulator.Build.0 = Release|x86
		{2B2B0614-8E75-4324-A171-4790AB545498}.AppStore|iPhoneSimulator.Deploy.0 = Release|x86
		{2B2B0614-8E75-4324-A171-4790AB545498}.AppStore|x64.ActiveCfg = Release|x64
		{2B2B0614-8E75-4324-A171-4790AB545498}.AppStore|x64.Build.0 = Release|x64
		{2B2B0614-8E75-4324-A171-4790AB545498}.AppStore|x64.Deploy.0 = Release|x64
		{2B2B0614-8E75-4324-A171-4790AB545498}.AppStore|x86.ActiveCfg = Release|x86
		{2B2B0614-8E75-4324-A171-4790AB545498}.AppStore|x86.Build.0 = Release|x86
		{2B2B0614-8E75-4324-A171-4790AB545498}.AppStore|x86.Deploy.0 = Release|x86
		{2B2B0614-8E75-4324-A171-4790AB545498}.Debug|Any CPU.ActiveCfg = Debug|x86
		{2B2B0614-8E75-4324-A171-4790AB545498}.Debug|ARM.ActiveCfg = Debug|ARM
		{2B2B0614-8E75-4324-A171-4790AB545498}.Debug|ARM.Build.0 = Debug|ARM
		{2B2B0614-8E75-4324-A171-4790AB545498}.Debug|ARM.Deploy.0 = Debug|ARM
		{2B2B0614-8E75-4324-A171-4790AB545498}.Debug|iPhone.ActiveCfg = Debug|x86
		{2B2B0614-8E75-4324-A171-4790AB545498}.Debug|iPhoneSimulator.ActiveCfg = Debug|x86
		{2B2B0614-8E75-4324-A171-4790AB545498}.Debug|x64.ActiveCfg = Debug|x64
		{2B2B0614-8E75-4324-A171-4790AB545498}.Debug|x64.Build.0 = Debug|x64
		{2B2B0614-8E75-4324-A171-4790AB545498}.Debug|x64.Deploy.0 = Debug|x64
		{2B2B0614-8E75-4324-A171-4790AB545498}.Debug|x86.ActiveCfg = Debug|x86
		{2B2B0614-8E75-4324-A171-4790AB545498}.Debug|x86.Build.0 = Debug|x86
		{2B2B0614-8E75-4324-A171-4790AB545498}.Debug|x86.Deploy.0 = Debug|x86
		{2B2B0614-8E75-4324-A171-4790AB545498}.Release|Any CPU.ActiveCfg = Release|x86
		{2B2B0614-8E75-4324-A171-4790AB545498}.Release|ARM.ActiveCfg = Release|ARM
		{2B2B0614-8E75-4324-A171-4790AB545498}.Release|ARM.Build.0 = Release|ARM
		{2B2B0614-8E75-4324-A171-4790AB545498}.Release|ARM.Deploy.0 = Release|ARM
		{2B2B0614-8E75-4324-A171-4790AB545498}.Release|iPhone.ActiveCfg = Release|x86
		{2B2B0614-8E75-4324-A171-4790AB545498}.Release|iPhoneSimulator.ActiveCfg = Release|x86
		{2B2B0614-8E75-4324-A171-4790AB545498}.Release|x64.ActiveCfg = Release|x64
		{2B2B0614-8E75-4324-A171-4790AB545498}.Release|x64.Build.0 = Release|x64
		{2B2B0614-8E75-4324-A171-4790AB545498}.Release|x64.Deploy.0 = Release|x64
		{2B2B0614-8E75-4324-A171-4790AB545498}.Release|x86.ActiveCfg = Release|x86
		{2B2B0614-8E75-4324-A171-4790AB545498}.Release|x86.Build.0 = Release|x86
		{2B2B0614-8E75-4324-A171-4790AB545498}.Release|x86.Deploy.0 = Release|x86
		{7DF0DBD4-6E1F-4425-BE93-E26C410F081A}.Ad-Hoc|Any CPU.ActiveCfg = Debug|Any CPU
		{7DF0DBD4-6E1F-4425-BE93-E26C410F081A}.Ad-Hoc|Any CPU.Build.0 = Debug|Any CPU
		{7DF0DBD4-6E1F-4425-BE93-E26C410F081A}.Ad-Hoc|ARM.ActiveCfg = Debug|Any CPU
		{7DF0DBD4-6E1F-4425-BE93-E26C410F081A}.Ad-Hoc|ARM.Build.0 = Debug|Any CPU
		{7DF0DBD4-6E1F-4425-BE93-E26C410F081A}.Ad-Hoc|iPhone.ActiveCfg = Debug|Any CPU
		{7DF0DBD4-6E1F-4425-BE93-E26C410F081A}.Ad-Hoc|iPhone.Build.0 = Debug|Any CPU
		{7DF0DBD4-6E1F-4425-BE93-E26C410F081A}.Ad-Hoc|iPhoneSimulator.ActiveCfg = Debug|Any CPU
		{7DF0DBD4-6E1F-4425-BE93-E26C410F081A}.Ad-Hoc|iPhoneSimulator.Build.0 = Debug|Any CPU
		{7DF0DBD4-6E1F-4425-BE93-E26C410F081A}.Ad-Hoc|x64.ActiveCfg = Debug|Any CPU
		{7DF0DBD4-6E1F-4425-BE93-E26C410F081A}.Ad-Hoc|x64.Build.0 = Debug|Any CPU
		{7DF0DBD4-6E1F-4425-BE93-E26C410F081A}.Ad-Hoc|x86.ActiveCfg = Debug|Any CPU
		{7DF0DBD4-6E1F-4425-BE93-E26C410F081A}.Ad-Hoc|x86.Build.0 = Debug|Any CPU
		{7DF0DBD4-6E1F-4425-BE93-E26C410F081A}.AppStore|Any CPU.ActiveCfg = Debug|Any CPU
		{7DF0DBD4-6E1F-4425-BE93-E26C410F081A}.AppStore|Any CPU.Build.0 = Debug|Any CPU
		{7DF0DBD4-6E1F-4425-BE93-E26C410F081A}.AppStore|ARM.ActiveCfg = Debug|Any CPU
		{7DF0DBD4-6E1F-4425-BE93-E26C410F081A}.AppStore|ARM.Build.0 = Debug|Any CPU
		{7DF0DBD4-6E1F-4425-BE93-E26C410F081A}.AppStore|iPhone.ActiveCfg = Debug|Any CPU
		{7DF0DBD4-6E1F-4425-BE93-E26C410F081A}.AppStore|iPhone.Build.0 = Debug|Any CPU
		{7DF0DBD4-6E1F-4425-BE93-E26C410F081A}.AppStore|iPhoneSimulator.ActiveCfg = Debug|Any CPU
		{7DF0DBD4-6E1F-4425-BE93-E26C410F081A}.AppStore|iPhoneSimulator.Build.0 = Debug|Any CPU
		{7DF0DBD4-6E1F-4425-BE93-E26C410F081A}.AppStore|x64.ActiveCfg = Debug|Any CPU
		{7DF0DBD4-6E1F-4425-BE93-E26C410F081A}.AppStore|x64.Build.0 = Debug|Any CPU
		{7DF0DBD4-6E1F-4425-BE93-E26C410F081A}.AppStore|x86.ActiveCfg = Debug|Any CPU
		{7DF0DBD4-6E1F-4425-BE93-E26C410F081A}.AppStore|x86.Build.0 = Debug|Any CPU
		{7DF0DBD4-6E1F-4425-BE93-E26C410F081A}.Debug|Any CPU.ActiveCfg = Debug|Any CPU
		{7DF0DBD4-6E1F-4425-BE93-E26C410F081A}.Debug|Any CPU.Build.0 = Debug|Any CPU
		{7DF0DBD4-6E1F-4425-BE93-E26C410F081A}.Debug|ARM.ActiveCfg = Debug|Any CPU
		{7DF0DBD4-6E1F-4425-BE93-E26C410F081A}.Debug|ARM.Build.0 = Debug|Any CPU
		{7DF0DBD4-6E1F-4425-BE93-E26C410F081A}.Debug|iPhone.ActiveCfg = Debug|Any CPU
		{7DF0DBD4-6E1F-4425-BE93-E26C410F081A}.Debug|iPhone.Build.0 = Debug|Any CPU
		{7DF0DBD4-6E1F-4425-BE93-E26C410F081A}.Debug|iPhoneSimulator.ActiveCfg = Debug|Any CPU
		{7DF0DBD4-6E1F-4425-BE93-E26C410F081A}.Debug|iPhoneSimulator.Build.0 = Debug|Any CPU
		{7DF0DBD4-6E1F-4425-BE93-E26C410F081A}.Debug|x64.ActiveCfg = Debug|Any CPU
		{7DF0DBD4-6E1F-4425-BE93-E26C410F081A}.Debug|x64.Build.0 = Debug|Any CPU
		{7DF0DBD4-6E1F-4425-BE93-E26C410F081A}.Debug|x86.ActiveCfg = Debug|Any CPU
		{7DF0DBD4-6E1F-4425-BE93-E26C410F081A}.Debug|x86.Build.0 = Debug|Any CPU
		{7DF0DBD4-6E1F-4425-BE93-E26C410F081A}.Release|Any CPU.ActiveCfg = Release|Any CPU
		{7DF0DBD4-6E1F-4425-BE93-E26C410F081A}.Release|Any CPU.Build.0 = Release|Any CPU
		{7DF0DBD4-6E1F-4425-BE93-E26C410F081A}.Release|ARM.ActiveCfg = Release|Any CPU
		{7DF0DBD4-6E1F-4425-BE93-E26C410F081A}.Release|ARM.Build.0 = Release|Any CPU
		{7DF0DBD4-6E1F-4425-BE93-E26C410F081A}.Release|iPhone.ActiveCfg = Release|Any CPU
		{7DF0DBD4-6E1F-4425-BE93-E26C410F081A}.Release|iPhone.Build.0 = Release|Any CPU
		{7DF0DBD4-6E1F-4425-BE93-E26C410F081A}.Release|iPhoneSimulator.ActiveCfg = Release|Any CPU
		{7DF0DBD4-6E1F-4425-BE93-E26C410F081A}.Release|iPhoneSimulator.Build.0 = Release|Any CPU
		{7DF0DBD4-6E1F-4425-BE93-E26C410F081A}.Release|x64.ActiveCfg = Release|Any CPU
		{7DF0DBD4-6E1F-4425-BE93-E26C410F081A}.Release|x64.Build.0 = Release|Any CPU
		{7DF0DBD4-6E1F-4425-BE93-E26C410F081A}.Release|x86.ActiveCfg = Release|Any CPU
		{7DF0DBD4-6E1F-4425-BE93-E26C410F081A}.Release|x86.Build.0 = Release|Any CPU
	EndGlobalSection
	GlobalSection(SolutionProperties) = preSolution
		HideSolutionNode = FALSE
	EndGlobalSection
	GlobalSection(ExtensibilityGlobals) = postSolution
		SolutionGuid = {22AD5B3F-8491-417F-8822-5D1E6179987C}
	EndGlobalSection
EndGlobal
